
Microsoft Visual Studio Solution File, Format Version 12.00
# Visual Studio 15
VisualStudioVersion = 15.0.26127.0
MinimumVisualStudioVersion = 10.0.40219.1
Project("{2150E333-8FDC-42A3-9474-1A3956D46DE8}") = "Solution Items", "Solution Items", "{E8DBAC02-EB69-478D-9312-C3CE22CCD738}"
	ProjectSection(SolutionItems) = preProject
		.editorconfig = .editorconfig
		.gitattributes = .gitattributes
		.gitignore = .gitignore
	EndProjectSection
EndProject
Project("{FAE04EC0-301F-11D3-BF4B-00C04F79EFBC}") = "CurrencyExchangeRatesMonitor.Domain", "src\Domain\CurrencyExchangeRatesMonitor.Domain.csproj", "{DEA53107-F9AD-41A1-84D0-6ADA74300060}"
EndProject
Project("{FAE04EC0-301F-11D3-BF4B-00C04F79EFBC}") = "CurrencyExchangeRatesMonitor.Infrastructure", "src\Infrastructure\CurrencyExchangeRatesMonitor.Infrastructure.csproj", "{CD63BE6E-C2D8-4BD0-9B22-00B9023BE30E}"
EndProject
Project("{FAE04EC0-301F-11D3-BF4B-00C04F79EFBC}") = "CurrencyExchangeRatesMonitor.Server", "src\Server\CurrencyExchangeRatesMonitor.Server.csproj", "{3E81380D-0822-44FD-AD27-F0B972B38500}"
EndProject
Project("{FAE04EC0-301F-11D3-BF4B-00C04F79EFBC}") = "CurrencyExchangeRatesMonitor.Common", "src\Common\CurrencyExchangeRatesMonitor.Common.csproj", "{7F5B8F0F-F2EC-4701-B796-87880B9659A4}"
EndProject
Global
	GlobalSection(SolutionConfigurationPlatforms) = preSolution
		Debug|Any CPU = Debug|Any CPU
		Release|Any CPU = Release|Any CPU
	EndGlobalSection
	GlobalSection(ProjectConfigurationPlatforms) = postSolution
		{DEA53107-F9AD-41A1-84D0-6ADA74300060}.Debug|Any CPU.ActiveCfg = Debug|Any CPU
		{DEA53107-F9AD-41A1-84D0-6ADA74300060}.Debug|Any CPU.Build.0 = Debug|Any CPU
		{DEA53107-F9AD-41A1-84D0-6ADA74300060}.Release|Any CPU.ActiveCfg = Release|Any CPU
		{DEA53107-F9AD-41A1-84D0-6ADA74300060}.Release|Any CPU.Build.0 = Release|Any CPU
		{CD63BE6E-C2D8-4BD0-9B22-00B9023BE30E}.Debug|Any CPU.ActiveCfg = Debug|Any CPU
		{CD63BE6E-C2D8-4BD0-9B22-00B9023BE30E}.Debug|Any CPU.Build.0 = Debug|Any CPU
		{CD63BE6E-C2D8-4BD0-9B22-00B9023BE30E}.Release|Any CPU.ActiveCfg = Release|Any CPU
		{CD63BE6E-C2D8-4BD0-9B22-00B9023BE30E}.Release|Any CPU.Build.0 = Release|Any CPU
		{3E81380D-0822-44FD-AD27-F0B972B38500}.Debug|Any CPU.ActiveCfg = Debug|Any CPU
		{3E81380D-0822-44FD-AD27-F0B972B38500}.Debug|Any CPU.Build.0 = Debug|Any CPU
		{3E81380D-0822-44FD-AD27-F0B972B38500}.Release|Any CPU.ActiveCfg = Release|Any CPU
		{3E81380D-0822-44FD-AD27-F0B972B38500}.Release|Any CPU.Build.0 = Release|Any CPU
		{7F5B8F0F-F2EC-4701-B796-87880B9659A4}.Debug|Any CPU.ActiveCfg = Debug|Any CPU
		{7F5B8F0F-F2EC-4701-B796-87880B9659A4}.Debug|Any CPU.Build.0 = Debug|Any CPU
		{7F5B8F0F-F2EC-4701-B796-87880B9659A4}.Release|Any CPU.ActiveCfg = Release|Any CPU
		{7F5B8F0F-F2EC-4701-B796-87880B9659A4}.Release|Any CPU.Build.0 = Release|Any CPU
	EndGlobalSection
	GlobalSection(SolutionProperties) = preSolution
		HideSolutionNode = FALSE
	EndGlobalSection
EndGlobal
